
Microsoft Visual Studio Solution File, Format Version 12.00
# Visual Studio Version 16
VisualStudioVersion = 16.0.31729.503
MinimumVisualStudioVersion = 10.0.40219.1
Project("{FAE04EC0-301F-11D3-BF4B-00C04F79EFBC}") = "Upstart.Application", "Upstart.Application\Upstart.Application.csproj", "{7BBC6442-054F-4C59-A526-8D54F8FA4C69}"
EndProject
Project("{FAE04EC0-301F-11D3-BF4B-00C04F79EFBC}") = "Upstart.Domain", "Upstart.Domain\Upstart.Domain.csproj", "{253796B0-98F9-4EE0-8328-EE39C7DE1CAC}"
EndProject
Project("{FAE04EC0-301F-11D3-BF4B-00C04F79EFBC}") = "Upstart.Infrastructure", "Upstart.Infrastructure\Upstart.Infrastructure.csproj", "{F3B933A4-9E5D-4426-91CC-26CD91EF1988}"
EndProject
Project("{FAE04EC0-301F-11D3-BF4B-00C04F79EFBC}") = "Upstart.Tests", "Upstart.Tests\Upstart.Tests.csproj", "{38077FA7-105A-409D-9A06-40CFDB1AF037}"
EndProject
Global
	GlobalSection(SolutionConfigurationPlatforms) = preSolution
		Debug|Any CPU = Debug|Any CPU
		Release|Any CPU = Release|Any CPU
	EndGlobalSection
	GlobalSection(ProjectConfigurationPlatforms) = postSolution
		{7BBC6442-054F-4C59-A526-8D54F8FA4C69}.Debug|Any CPU.ActiveCfg = Debug|Any CPU
		{7BBC6442-054F-4C59-A526-8D54F8FA4C69}.Debug|Any CPU.Build.0 = Debug|Any CPU
		{7BBC6442-054F-4C59-A526-8D54F8FA4C69}.Release|Any CPU.ActiveCfg = Release|Any CPU
		{7BBC6442-054F-4C59-A526-8D54F8FA4C69}.Release|Any CPU.Build.0 = Release|Any CPU
		{253796B0-98F9-4EE0-8328-EE39C7DE1CAC}.Debug|Any CPU.ActiveCfg = Debug|Any CPU
		{253796B0-98F9-4EE0-8328-EE39C7DE1CAC}.Debug|Any CPU.Build.0 = Debug|Any CPU
		{253796B0-98F9-4EE0-8328-EE39C7DE1CAC}.Release|Any CPU.ActiveCfg = Release|Any CPU
		{253796B0-98F9-4EE0-8328-EE39C7DE1CAC}.Release|Any CPU.Build.0 = Release|Any CPU
		{F3B933A4-9E5D-4426-91CC-26CD91EF1988}.Debug|Any CPU.ActiveCfg = Debug|Any CPU
		{F3B933A4-9E5D-4426-91CC-26CD91EF1988}.Debug|Any CPU.Build.0 = Debug|Any CPU
		{F3B933A4-9E5D-4426-91CC-26CD91EF1988}.Release|Any CPU.ActiveCfg = Release|Any CPU
		{F3B933A4-9E5D-4426-91CC-26CD91EF1988}.Release|Any CPU.Build.0 = Release|Any CPU
		{38077FA7-105A-409D-9A06-40CFDB1AF037}.Debug|Any CPU.ActiveCfg = Debug|Any CPU
		{38077FA7-105A-409D-9A06-40CFDB1AF037}.Debug|Any CPU.Build.0 = Debug|Any CPU
		{38077FA7-105A-409D-9A06-40CFDB1AF037}.Release|Any CPU.ActiveCfg = Release|Any CPU
		{38077FA7-105A-409D-9A06-40CFDB1AF037}.Release|Any CPU.Build.0 = Release|Any CPU
	EndGlobalSection
	GlobalSection(SolutionProperties) = preSolution
		HideSolutionNode = FALSE
	EndGlobalSection
	GlobalSection(ExtensibilityGlobals) = postSolution
		SolutionGuid = {819240B9-AC73-4960-B2F6-3C28D36B8FD5}
	EndGlobalSection
EndGlobal
